
Microsoft Visual Studio Solution File, Format Version 12.00
# Visual Studio Version 16
VisualStudioVersion = 16.0.32428.217
MinimumVisualStudioVersion = 10.0.40219.1
Project("{FAE04EC0-301F-11D3-BF4B-00C04F79EFBC}") = "Ejercicio_Controles", "Ejercicio_Controles\Ejercicio_Controles.csproj", "{BB373391-8CD1-46B0-ACC9-6E5BB6AEDE68}"
EndProject
Global
	GlobalSection(SolutionConfigurationPlatforms) = preSolution
		Debug|Any CPU = Debug|Any CPU
		Release|Any CPU = Release|Any CPU
	EndGlobalSection
	GlobalSection(ProjectConfigurationPlatforms) = postSolution
		{BB373391-8CD1-46B0-ACC9-6E5BB6AEDE68}.Debug|Any CPU.ActiveCfg = Debug|Any CPU
		{BB373391-8CD1-46B0-ACC9-6E5BB6AEDE68}.Debug|Any CPU.Build.0 = Debug|Any CPU
		{BB373391-8CD1-46B0-ACC9-6E5BB6AEDE68}.Release|Any CPU.ActiveCfg = Release|Any CPU
		{BB373391-8CD1-46B0-ACC9-6E5BB6AEDE68}.Release|Any CPU.Build.0 = Release|Any CPU
	EndGlobalSection
	GlobalSection(SolutionProperties) = preSolution
		HideSolutionNode = FALSE
	EndGlobalSection
	GlobalSection(ExtensibilityGlobals) = postSolution
		SolutionGuid = {2880BC79-BBF9-466B-A05A-6332975DDCF3}
	EndGlobalSection
EndGlobal
